PODS:
  - Flutter (1.0.0)
  - integration_test (0.0.1):
    - Flutter
  - permission_handler_apple (9.3.0):
    - Flutter
  - permission_handler_auto_back (0.0.1):
    - Flutter

DEPENDENCIES:
  - Flutter (from `Flutter`)
  - integration_test (from `.symlinks/plugins/integration_test/ios`)
  - permission_handler_apple (from `.symlinks/plugins/permission_handler_apple/ios`)
  - permission_handler_auto_back (from `.symlinks/plugins/permission_handler_auto_back/ios`)

EXTERNAL SOURCES:
  Flutter:
    :path: Flutter
  integration_test:
    :path: ".symlinks/plugins/integration_test/ios"
  permission_handler_apple:
    :path: ".symlinks/plugins/permission_handler_apple/ios"
  permission_handler_auto_back:
    :path: ".symlinks/plugins/permission_handler_auto_back/ios"

SPEC CHECKSUMS:
  Flutter: cabc95a1d2626b1b06e7179b784ebcf0c0cde467
  integration_test: 4a889634ef21a45d28d50d622cf412dc6d9f586e
  permission_handler_apple: 4ed2196e43d0651e8ff7ca3483a069d469701f2d
  permission_handler_auto_back: 7c2a522a4a8b38dcb9e3bb6b6c7d192485e7f060

PODFILE CHECKSUM: c1dd0c5d0e0d089cb255359d51371ff7b51ebdfc

COCOAPODS: 1.16.2
